// !$*UTF8*$!
{
	archiveVersion = 1;
	classes = {
	};
	objectVersion = 50;
	objects = {

/* Begin PBXBuildFile section */
		7E01270A231432630075473D /* AppDelegate.swift in Sources */ = {isa = PBXBuildFile; fileRef = 7E012709231432630075473D /* AppDelegate.swift */; };
		7E01270C231432630075473D /* ViewController.swift in Sources */ = {isa = PBXBuildFile; fileRef = 7E01270B231432630075473D /* ViewController.swift */; };
		7E01270F231432630075473D /* Main.storyboard in Resources */ = {isa = PBXBuildFile; fileRef = 7E01270D231432630075473D /* Main.storyboard */; };
		7E012711231432640075473D /* Assets.xcassets in Resources */ = {isa = PBXBuildFile; fileRef = 7E012710231432640075473D /* Assets.xcassets */; };
		7E012714231432640075473D /* LaunchScreen.storyboard in Resources */ = {isa = PBXBuildFile; fileRef = 7E012712231432640075473D /* LaunchScreen.storyboard */; };
		7E01271F231432640075473D /* Food_TrackerTests.swift in Sources */ = {isa = PBXBuildFile; fileRef = 7E01271E231432640075473D /* Food_TrackerTests.swift */; };
		7E01272A231432640075473D /* Food_TrackerUITests.swift in Sources */ = {isa = PBXBuildFile; fileRef = 7E012729231432640075473D /* Food_TrackerUITests.swift */; };
/* End PBXBuildFile section */

/* Begin PBXContainerItemProxy section */
		7E01271B231432640075473D /* PBXContainerItemProxy */ = {
			isa = PBXContainerItemProxy;
			containerPortal = 7E0126FE231432630075473D /* Project object */;
			proxyType = 1;
			remoteGlobalIDString = 7E012705231432630075473D;
			remoteInfo = "Food Tracker";
		};
		7E012726231432640075473D /* PBXContainerItemProxy */ = {
			isa = PBXContainerItemProxy;
			containerPortal = 7E0126FE231432630075473D /* Project object */;
			proxyType = 1;
			remoteGlobalIDString = 7E012705231432630075473D;
			remoteInfo = "Food Tracker";
		};
/* End PBXContainerItemProxy section */

/* Begin PBXFileReference section */
		7E012706231432630075473D /* Food Tracker.app */ = {isa = PBXFileReference; explicitFileType = wrapper.application; includeInIndex = 0; path = "Food Tracker.app"; sourceTree = BUILT_PRODUCTS_DIR; };
		7E012709231432630075473D /* AppDelegate.swift */ = {isa = PBXFileReference; lastKnownFileType = sourcecode.swift; path = AppDelegate.swift; sourceTree = "<group>"; };
		7E01270B231432630075473D /* ViewController.swift */ = {isa = PBXFileReference; lastKnownFileType = sourcecode.swift; path = ViewController.swift; sourceTree = "<group>"; };
		7E01270E231432630075473D /* Base */ = {isa = PBXFileReference; lastKnownFileType = file.storyboard; name = Base; path = Base.lproj/Main.storyboard; sourceTree = "<group>"; };
		7E012710231432640075473D /* Assets.xcassets */ = {isa = PBXFileReference; lastKnownFileType = folder.assetcatalog; path = Assets.xcassets; sourceTree = "<group>"; };
		7E012713231432640075473D /* Base */ = {isa = PBXFileReference; lastKnownFileType = file.storyboard; name = Base; path = Base.lproj/LaunchScreen.storyboard; sourceTree = "<group>"; };
		7E012715231432640075473D /* Info.plist */ = {isa = PBXFileReference; lastKnownFileType = text.plist.xml; path = Info.plist; sourceTree = "<group>"; };
		7E01271A231432640075473D /* Food TrackerTests.xctest */ = {isa = PBXFileReference; explicitFileType = wrapper.cfbundle; includeInIndex = 0; path = "Food TrackerTests.xctest"; sourceTree = BUILT_PRODUCTS_DIR; };
		7E01271E231432640075473D /* Food_TrackerTests.swift */ = {isa = PBXFileReference; lastKnownFileType = sourcecode.swift; path = Food_TrackerTests.swift; sourceTree = "<group>"; };
		7E012720231432640075473D /* Info.plist */ = {isa = PBXFileReference; lastKnownFileType = text.plist.xml; path = Info.plist; sourceTree = "<group>"; };
		7E012725231432640075473D /* Food TrackerUITests.xctest */ = {isa = PBXFileReference; explicitFileType = wrapper.cfbundle; includeInIndex = 0; path = "Food TrackerUITests.xctest"; sourceTree = BUILT_PRODUCTS_DIR; };
		7E012729231432640075473D /* Food_TrackerUITests.swift */ = {isa = PBXFileReference; lastKnownFileType = sourcecode.swift; path = Food_TrackerUITests.swift; sourceTree = "<group>"; };
		7E01272B231432640075473D /* Info.plist */ = {isa = PBXFileReference; lastKnownFileType = text.plist.xml; path = Info.plist; sourceTree = "<group>"; };
/* End PBXFileReference section */

/* Begin PBXFrameworksBuildPhase section */
		7E012703231432630075473D /* Frameworks */ = {
			isa = PBXFrameworksBuildPhase;
			buildActionMask = 2147483647;
			files = (
			);
			runOnlyForDeploymentPostprocessing = 0;
		};
		7E012717231432640075473D /* Frameworks */ = {
			isa = PBXFrameworksBuildPhase;
			buildActionMask = 2147483647;
			files = (
			);
			runOnlyForDeploymentPostprocessing = 0;
		};
		7E012722231432640075473D /* Frameworks */ = {
			isa = PBXFrameworksBuildPhase;
			buildActionMask = 2147483647;
			files = (
			);
			runOnlyForDeploymentPostprocessing = 0;
		};
/* End PBXFrameworksBuildPhase section */

/* Begin PBXGroup section */
		7E0126FD231432630075473D = {
			isa = PBXGroup;
			children = (
				7E012708231432630075473D /* Food Tracker */,
				7E01271D231432640075473D /* Food TrackerTests */,
				7E012728231432640075473D /* Food TrackerUITests */,
				7E012707231432630075473D /* Products */,
			);
			sourceTree = "<group>";
		};
		7E012707231432630075473D /* Products */ = {
			isa = PBXGroup;
			children = (
				7E012706231432630075473D /* Food Tracker.app */,
				7E01271A231432640075473D /* Food TrackerTests.xctest */,
				7E012725231432640075473D /* Food TrackerUITests.xctest */,
			);
			name = Products;
			sourceTree = "<group>";
		};
		7E012708231432630075473D /* Food Tracker */ = {
			isa = PBXGroup;
			children = (
				7E012709231432630075473D /* AppDelegate.swift */,
				7E01270B231432630075473D /* ViewController.swift */,
				7E01270D231432630075473D /* Main.storyboard */,
				7E012710231432640075473D /* Assets.xcassets */,
				7E012712231432640075473D /* LaunchScreen.storyboard */,
				7E012715231432640075473D /* Info.plist */,
			);
			path = "Food Tracker";
			sourceTree = "<group>";
		};
		7E01271D231432640075473D /* Food TrackerTests */ = {
			isa = PBXGroup;
			children = (
				7E01271E231432640075473D /* Food_TrackerTests.swift */,
				7E012720231432640075473D /* Info.plist */,
			);
			path = "Food TrackerTests";
			sourceTree = "<group>";
		};
		7E012728231432640075473D /* Food TrackerUITests */ = {
			isa = PBXGroup;
			children = (
				7E012729231432640075473D /* Food_TrackerUITests.swift */,
				7E01272B231432640075473D /* Info.plist */,
			);
			path = "Food TrackerUITests";
			sourceTree = "<group>";
		};
/* End PBXGroup section */

/* Begin PBXNativeTarget section */
		7E012705231432630075473D /* Food Tracker */ = {
			isa = PBXNativeTarget;
			buildConfigurationList = 7E01272E231432640075473D /* Build configuration list for PBXNativeTarget "Food Tracker" */;
			buildPhases = (
				7E012702231432630075473D /* Sources */,
				7E012703231432630075473D /* Frameworks */,
				7E012704231432630075473D /* Resources */,
			);
			buildRules = (
			);
			dependencies = (
			);
			name = "Food Tracker";
			productName = "Food Tracker";
			productReference = 7E012706231432630075473D /* Food Tracker.app */;
			productType = "com.apple.product-type.application";
		};
		7E012719231432640075473D /* Food TrackerTests */ = {
			isa = PBXNativeTarget;
			buildConfigurationList = 7E012731231432640075473D /* Build configuration list for PBXNativeTarget "Food TrackerTests" */;
			buildPhases = (
				7E012716231432640075473D /* Sources */,
				7E012717231432640075473D /* Frameworks */,
				7E012718231432640075473D /* Resources */,
			);
			buildRules = (
			);
			dependencies = (
				7E01271C231432640075473D /* PBXTargetDependency */,
			);
			name = "Food TrackerTests";
			productName = "Food TrackerTests";
			productReference = 7E01271A231432640075473D /* Food TrackerTests.xctest */;
			productType = "com.apple.product-type.bundle.unit-test";
		};
		7E012724231432640075473D /* Food TrackerUITests */ = {
			isa = PBXNativeTarget;
			buildConfigurationList = 7E012734231432640075473D /* Build configuration list for PBXNativeTarget "Food TrackerUITests" */;
			buildPhases = (
				7E012721231432640075473D /* Sources */,
				7E012722231432640075473D /* Frameworks */,
				7E012723231432640075473D /* Resources */,
			);
			buildRules = (
			);
			dependencies = (
				7E012727231432640075473D /* PBXTargetDependency */,
			);
			name = "Food TrackerUITests";
			productName = "Food TrackerUITests";
			productReference = 7E012725231432640075473D /* Food TrackerUITests.xctest */;
			productType = "com.apple.product-type.bundle.ui-testing";
		};
/* End PBXNativeTarget section */

/* Begin PBXProject section */
		7E0126FE231432630075473D /* Project object */ = {
			isa = PBXProject;
			attributes = {
				LastSwiftUpdateCheck = 1030;
				LastUpgradeCheck = 1030;
				ORGANIZATIONNAME = "Daxton Dollar";
				TargetAttributes = {
					7E012705231432630075473D = {
						CreatedOnToolsVersion = 10.3;
					};
					7E012719231432640075473D = {
						CreatedOnToolsVersion = 10.3;
						TestTargetID = 7E012705231432630075473D;
					};
					7E012724231432640075473D = {
						CreatedOnToolsVersion = 10.3;
						TestTargetID = 7E012705231432630075473D;
					};
				};
			};
			buildConfigurationList = 7E012701231432630075473D /* Build configuration list for PBXProject "Food Tracker" */;
			compatibilityVersion = "Xcode 9.3";
			developmentRegion = en;
			hasScannedForEncodings = 0;
			knownRegions = (
				en,
				Base,
			);
			mainGroup = 7E0126FD231432630075473D;
			productRefGroup = 7E012707231432630075473D /* Products */;
			projectDirPath = "";
			projectRoot = "";
			targets = (
				7E012705231432630075473D /* Food Tracker */,
				7E012719231432640075473D /* Food TrackerTests */,
				7E012724231432640075473D /* Food TrackerUITests */,
			);
		};
/* End PBXProject section */

/* Begin PBXResourcesBuildPhase section */
		7E012704231432630075473D /* Resources */ = {
			isa = PBXResourcesBuildPhase;
			buildActionMask = 2147483647;
			files = (
				7E012714231432640075473D /* LaunchScreen.storyboard in Resources */,
				7E012711231432640075473D /* Assets.xcassets in Resources */,
				7E01270F231432630075473D /* Main.storyboard in Resources */,
			);
			runOnlyForDeploymentPostprocessing = 0;
		};
		7E012718231432640075473D /* Resources */ = {
			isa = PBXResourcesBuildPhase;
			buildActionMask = 2147483647;
			files = (
			);
			runOnlyForDeploymentPostprocessing = 0;
		};
		7E012723231432640075473D /* Resources */ = {
			isa = PBXResourcesBuildPhase;
			buildActionMask = 2147483647;
			files = (
			);
			runOnlyForDeploymentPostprocessing = 0;
		};
/* End PBXResourcesBuildPhase section */

/* Begin PBXSourcesBuildPhase section */
		7E012702231432630075473D /* Sources */ = {
			isa = PBXSourcesBuildPhase;
			buildActionMask = 2147483647;
			files = (
				7E01270C231432630075473D /* ViewController.swift in Sources */,
				7E01270A231432630075473D /* AppDelegate.swift in Sources */,
			);
			runOnlyForDeploymentPostprocessing = 0;
		};
		7E012716231432640075473D /* Sources */ = {
			isa = PBXSourcesBuildPhase;
			buildActionMask = 2147483647;
			files = (
				7E01271F231432640075473D /* Food_TrackerTests.swift in Sources */,
			);
			runOnlyForDeploymentPostprocessing = 0;
		};
		7E012721231432640075473D /* Sources */ = {
			isa = PBXSourcesBuildPhase;
			buildActionMask = 2147483647;
			files = (
				7E01272A231432640075473D /* Food_TrackerUITests.swift in Sources */,
			);
			runOnlyForDeploymentPostprocessing = 0;
		};
/* End PBXSourcesBuildPhase section */

/* Begin PBXTargetDependency section */
		7E01271C231432640075473D /* PBXTargetDependency */ = {
			isa = PBXTargetDependency;
			target = 7E012705231432630075473D /* Food Tracker */;
			targetProxy = 7E01271B231432640075473D /* PBXContainerItemProxy */;
		};
		7E012727231432640075473D /* PBXTargetDependency */ = {
			isa = PBXTargetDependency;
			target = 7E012705231432630075473D /* Food Tracker */;
			targetProxy = 7E012726231432640075473D /* PBXContainerItemProxy */;
		};
/* End PBXTargetDependency section */

/* Begin PBXVariantGroup section */
		7E01270D231432630075473D /* Main.storyboard */ = {
			isa = PBXVariantGroup;
			children = (
				7E01270E231432630075473D /* Base */,
			);
			name = Main.storyboard;
			sourceTree = "<group>";
		};
		7E012712231432640075473D /* LaunchScreen.storyboard */ = {
			isa = PBXVariantGroup;
			children = (
				7E012713231432640075473D /* Base */,
			);
			name = LaunchScreen.storyboard;
			sourceTree = "<group>";
		};
/* End PBXVariantGroup section */

/* Begin XCBuildConfiguration section */
		7E01272C231432640075473D /* Debug */ = {
			isa = XCBuildConfiguration;
			buildSettings = {
				ALWAYS_SEARCH_USER_PATHS = NO;
				CLANG_ANALYZER_NONNULL = YES;
				CLANG_ANALYZER_NUMBER_OBJECT_CONVERSION = YES_AGGRESSIVE;
				CLANG_CXX_LANGUAGE_STANDARD = "gnu++14";
				CLANG_CXX_LIBRARY = "libc++";
				CLANG_ENABLE_MODULES = YES;
				CLANG_ENABLE_OBJC_ARC = YES;
				CLANG_ENABLE_OBJC_WEAK = YES;
				CLANG_WARN_BLOCK_CAPTURE_AUTORELEASING = YES;
				CLANG_WARN_BOOL_CONVERSION = YES;
				CLANG_WARN_COMMA = YES;
				CLANG_WARN_CONSTANT_CONVERSION = YES;
				CLANG_WARN_DEPRECATED_OBJC_IMPLEMENTATIONS = YES;
				CLANG_WARN_DIRECT_OBJC_ISA_USAGE = YES_ERROR;
				CLANG_WARN_DOCUMENTATION_COMMENTS = YES;
				CLANG_WARN_EMPTY_BODY = YES;
				CLANG_WARN_ENUM_CONVERSION = YES;
				CLANG_WARN_INFINITE_RECURSION = YES;
				CLANG_WARN_INT_CONVERSION = YES;
				CLANG_WARN_NON_LITERAL_NULL_CONVERSION = YES;
				CLANG_WARN_OBJC_IMPLICIT_RETAIN_SELF = YES;
				CLANG_WARN_OBJC_LITERAL_CONVERSION = YES;
				CLANG_WARN_OBJC_ROOT_CLASS = YES_ERROR;
				CLANG_WARN_RANGE_LOOP_ANALYSIS = YES;
				CLANG_WARN_STRICT_PROTOTYPES = YES;
				CLANG_WARN_SUSPICIOUS_MOVE = YES;
				CLANG_WARN_UNGUARDED_AVAILABILITY = YES_AGGRESSIVE;
				CLANG_WARN_UNREACHABLE_CODE = YES;
				CLANG_WARN__DUPLICATE_METHOD_MATCH = YES;
				CODE_SIGN_IDENTITY = "iPhone Developer";
				COPY_PHASE_STRIP = NO;
				DEBUG_INFORMATION_FORMAT = dwarf;
				ENABLE_STRICT_OBJC_MSGSEND = YES;
				ENABLE_TESTABILITY = YES;
				GCC_C_LANGUAGE_STANDARD = gnu11;
				GCC_DYNAMIC_NO_PIC = NO;
				GCC_NO_COMMON_BLOCKS = YES;
				GCC_OPTIMIZATION_LEVEL = 0;
				GCC_PREPROCESSOR_DEFINITIONS = (
					"DEBUG=1",
					"$(inherited)",
				);
				GCC_WARN_64_TO_32_BIT_CONVERSION = YES;
				GCC_WARN_ABOUT_RETURN_TYPE = YES_ERROR;
				GCC_WARN_UNDECLARED_SELECTOR = YES;
				GCC_WARN_UNINITIALIZED_AUTOS = YES_AGGRESSIVE;
				GCC_WARN_UNUSED_FUNCTION = YES;
				GCC_WARN_UNUSED_VARIABLE = YES;
				IPHONEOS_DEPLOYMENT_TARGET = 12.4;
				MTL_ENABLE_DEBUG_INFO = INCLUDE_SOURCE;
				MTL_FAST_MATH = YES;
				ONLY_ACTIVE_ARCH = YES;
				SDKROOT = iphoneos;
				SWIFT_ACTIVE_COMPILATION_CONDITIONS = DEBUG;
				SWIFT_OPTIMIZATION_LEVEL = "-Onone";
			};
			name = Debug;
		};
		7E01272D231432640075473D /* Release */ = {
			isa = XCBuildConfiguration;
			buildSettings = {
				ALWAYS_SEARCH_USER_PATHS = NO;
				CLANG_ANALYZER_NONNULL = YES;
				CLANG_ANALYZER_NUMBER_OBJECT_CONVERSION = YES_AGGRESSIVE;
				CLANG_CXX_LANGUAGE_STANDARD = "gnu++14";
				CLANG_CXX_LIBRARY = "libc++";
				CLANG_ENABLE_MODULES = YES;
				CLANG_ENABLE_OBJC_ARC = YES;
				CLANG_ENABLE_OBJC_WEAK = YES;
				CLANG_WARN_BLOCK_CAPTURE_AUTORELEASING = YES;
				CLANG_WARN_BOOL_CONVERSION = YES;
				CLANG_WARN_COMMA = YES;
				CLANG_WARN_CONSTANT_CONVERSION = YES;
				CLANG_WARN_DEPRECATED_OBJC_IMPLEMENTATIONS = YES;
				CLANG_WARN_DIRECT_OBJC_ISA_USAGE = YES_ERROR;
				CLANG_WARN_DOCUMENTATION_COMMENTS = YES;
				CLANG_WARN_EMPTY_BODY = YES;
				CLANG_WARN_ENUM_CONVERSION = YES;
				CLANG_WARN_INFINITE_RECURSION = YES;
				CLANG_WARN_INT_CONVERSION = YES;
				CLANG_WARN_NON_LITERAL_NULL_CONVERSION = YES;
				CLANG_WARN_OBJC_IMPLICIT_RETAIN_SELF = YES;
				CLANG_WARN_OBJC_LITERAL_CONVERSION = YES;
				CLANG_WARN_OBJC_ROOT_CLASS = YES_ERROR;
				CLANG_WARN_RANGE_LOOP_ANALYSIS = YES;
				CLANG_WARN_STRICT_PROTOTYPES = YES;
				CLANG_WARN_SUSPICIOUS_MOVE = YES;
				CLANG_WARN_UNGUARDED_AVAILABILITY = YES_AGGRESSIVE;
				CLANG_WARN_UNREACHABLE_CODE = YES;
				CLANG_WARN__DUPLICATE_METHOD_MATCH = YES;
				CODE_SIGN_IDENTITY = "iPhone Developer";
				COPY_PHASE_STRIP = NO;
				DEBUG_INFORMATION_FORMAT = "dwarf-with-dsym";
				ENABLE_NS_ASSERTIONS = NO;
				ENABLE_STRICT_OBJC_MSGSEND = YES;
				GCC_C_LANGUAGE_STANDARD = gnu11;
				GCC_NO_COMMON_BLOCKS = YES;
				GCC_WARN_64_TO_32_BIT_CONVERSION = YES;
				GCC_WARN_ABOUT_RETURN_TYPE = YES_ERROR;
				GCC_WARN_UNDECLARED_SELECTOR = YES;
				GCC_WARN_UNINITIALIZED_AUTOS = YES_AGGRESSIVE;
				GCC_WARN_UNUSED_FUNCTION = YES;
				GCC_WARN_UNUSED_VARIABLE = YES;
				IPHONEOS_DEPLOYMENT_TARGET = 12.4;
				MTL_ENABLE_DEBUG_INFO = NO;
				MTL_FAST_MATH = YES;
				SDKROOT = iphoneos;
				SWIFT_COMPILATION_MODE = wholemodule;
				SWIFT_OPTIMIZATION_LEVEL = "-O";
				VALIDATE_PRODUCT = YES;
			};
			name = Release;
		};
		7E01272F231432640075473D /* Debug */ = {
			isa = XCBuildConfiguration;
			buildSettings = {
				ASSETCATALOG_COMPILER_APPICON_NAME = AppIcon;
				CODE_SIGN_STYLE = Automatic;
				DEVELOPMENT_TEAM = JWL5FJ33M8;
				INFOPLIST_FILE = "Food Tracker/Info.plist";
				LD_RUNPATH_SEARCH_PATHS = (
					"$(inherited)",
					"@executable_path/Frameworks",
				);
				PRODUCT_BUNDLE_IDENTIFIER = "com.Food-Tracker";
				PRODUCT_NAME = "$(TARGET_NAME)";
				SWIFT_VERSION = 5.0;
				TARGETED_DEVICE_FAMILY = "1,2";
			};
			name = Debug;
		};
		7E012730231432640075473D /* Release */ = {
			isa = XCBuildConfiguration;
			buildSettings = {
				ASSETCATALOG_COMPILER_APPICON_NAME = AppIcon;
				CODE_SIGN_STYLE = Automatic;
				DEVELOPMENT_TEAM = JWL5FJ33M8;
				INFOPLIST_FILE = "Food Tracker/Info.plist";
				LD_RUNPATH_SEARCH_PATHS = (
					"$(inherited)",
					"@executable_path/Frameworks",
				);
				PRODUCT_BUNDLE_IDENTIFIER = "com.Food-Tracker";
				PRODUCT_NAME = "$(TARGET_NAME)";
				SWIFT_VERSION = 5.0;
				TARGETED_DEVICE_FAMILY = "1,2";
			};
			name = Release;
		};
		7E012732231432640075473D /* Debug */ = {
			isa = XCBuildConfiguration;
			buildSettings = {
				ALWAYS_EMBED_SWIFT_STANDARD_LIBRARIES = YES;
				BUNDLE_LOADER = "$(TEST_HOST)";
				CODE_SIGN_STYLE = Automatic;
				DEVELOPMENT_TEAM = JWL5FJ33M8;
				INFOPLIST_FILE = "Food TrackerTests/Info.plist";
				LD_RUNPATH_SEARCH_PATHS = (
					"$(inherited)",
					"@executable_path/Frameworks",
					"@loader_path/Frameworks",
				);
				PRODUCT_BUNDLE_IDENTIFIER = "com.Food-TrackerTests";
				PRODUCT_NAME = "$(TARGET_NAME)";
				SWIFT_VERSION = 5.0;
				TARGETED_DEVICE_FAMILY = "1,2";
				TEST_HOST = "$(BUILT_PRODUCTS_DIR)/Food Tracker.app/Food Tracker";
			};
			name = Debug;
		};
		7E012733231432640075473D /* Release */ = {
			isa = XCBuildConfiguration;
			buildSettings = {
				ALWAYS_EMBED_SWIFT_STANDARD_LIBRARIES = YES;
				BUNDLE_LOADER = "$(TEST_HOST)";
				CODE_SIGN_STYLE = Automatic;
				DEVELOPMENT_TEAM = JWL5FJ33M8;
				INFOPLIST_FILE = "Food TrackerTests/Info.plist";
				LD_RUNPATH_SEARCH_PATHS = (
					"$(inherited)",
					"@executable_path/Frameworks",
					"@loader_path/Frameworks",
				);
				PRODUCT_BUNDLE_IDENTIFIER = "com.Food-TrackerTests";
				PRODUCT_NAME = "$(TARGET_NAME)";
				SWIFT_VERSION = 5.0;
				TARGETED_DEVICE_FAMILY = "1,2";
				TEST_HOST = "$(BUILT_PRODUCTS_DIR)/Food Tracker.app/Food Tracker";
			};
			name = Release;
		};
		7E012735231432640075473D /* Debug */ = {
			isa = XCBuildConfiguration;
			buildSettings = {
				ALWAYS_EMBED_SWIFT_STANDARD_LIBRARIES = YES;
				CODE_SIGN_STYLE = Automatic;
				DEVELOPMENT_TEAM = JWL5FJ33M8;
				INFOPLIST_FILE = "Food TrackerUITests/Info.plist";
				LD_RUNPATH_SEARCH_PATHS = (
					"$(inherited)",
					"@executable_path/Frameworks",
					"@loader_path/Frameworks",
				);
				PRODUCT_BUNDLE_IDENTIFIER = "com.Food-TrackerUITests";
				PRODUCT_NAME = "$(TARGET_NAME)";
				SWIFT_VERSION = 5.0;
				TARGETED_DEVICE_FAMILY = "1,2";
				TEST_TARGET_NAME = "Food Tracker";
			};
			name = Debug;
		};
		7E012736231432640075473D /* Release */ = {
			isa = XCBuildConfiguration;
			buildSettings = {
				ALWAYS_EMBED_SWIFT_STANDARD_LIBRARIES = YES;
				CODE_SIGN_STYLE = Automatic;
				DEVELOPMENT_TEAM = JWL5FJ33M8;
				INFOPLIST_FILE = "Food TrackerUITests/Info.plist";
				LD_RUNPATH_SEARCH_PATHS = (
					"$(inherited)",
					"@executable_path/Frameworks",
					"@loader_path/Frameworks",
				);
				PRODUCT_BUNDLE_IDENTIFIER = "com.Food-TrackerUITests";
				PRODUCT_NAME = "$(TARGET_NAME)";
				SWIFT_VERSION = 5.0;
				TARGETED_DEVICE_FAMILY = "1,2";
				TEST_TARGET_NAME = "Food Tracker";
			};
			name = Release;
		};
/* End XCBuildConfiguration section */

/* Begin XCConfigurationList section */
		7E012701231432630075473D /* Build configuration list for PBXProject "Food Tracker" */ = {
			isa = XCConfigurationList;
			buildConfigurations = (
				7E01272C231432640075473D /* Debug */,
				7E01272D231432640075473D /* Release */,
			);
			defaultConfigurationIsVisible = 0;
			defaultConfigurationName = Release;
		};
		7E01272E231432640075473D /* Build configuration list for PBXNativeTarget "Food Tracker" */ = {
			isa = XCConfigurationList;
			buildConfigurations = (
				7E01272F231432640075473D /* Debug */,
				7E012730231432640075473D /* Release */,
			);
			defaultConfigurationIsVisible = 0;
			defaultConfigurationName = Release;
		};
		7E012731231432640075473D /* Build configuration list for PBXNativeTarget "Food TrackerTests" */ = {
			isa = XCConfigurationList;
			buildConfigurations = (
				7E012732231432640075473D /* Debug */,
				7E012733231432640075473D /* Release */,
			);
			defaultConfigurationIsVisible = 0;
			defaultConfigurationName = Release;
		};
		7E012734231432640075473D /* Build configuration list for PBXNativeTarget "Food TrackerUITests" */ = {
			isa = XCConfigurationList;
			buildConfigurations = (
				7E012735231432640075473D /* Debug */,
				7E012736231432640075473D /* Release */,
			);
			defaultConfigurationIsVisible = 0;
			defaultConfigurationName = Release;
		};
/* End XCConfigurationList section */
	};
	rootObject = 7E0126FE231432630075473D /* Project object */;
}
